{
  "nodes": {
    "darwin": {
      "inputs": {
        "nixpkgs": [
          "nixpkgs"
        ]
      },
      "locked": {
        "lastModified": 1770922915,
        "narHash": "sha256-6J/JoK9iL7sHvKJcGW2KId2agaKv1OGypsa7kN+ZBD4=",
        "owner": "lnl7",
        "repo": "nix-darwin",
        "rev": "6c5a56295d2a24e43bcd8af838def1b9a95746b2",
        "type": "github"
      },
      "original": {
        "owner": "lnl7",
        "repo": "nix-darwin",
        "type": "github"
      }
    },
    "home-manager": {
      "inputs": {
        "nixpkgs": [
          "nixpkgs"
        ]
      },
      "locked": {
        "lastModified": 1771188132,
        "narHash": "sha256-qLXxN/tPrZtnekaLBQuVtxQfvqqs5cT5WbyH4zZaTGI=",
        "owner": "nix-community",
        "repo": "home-manager",
        "rev": "ae8003d8b61d0d373e7ca3da1a48f9c870d15df9",
        "type": "github"
      },
      "original": {
        "owner": "nix-community",
        "ref": "master",
        "repo": "home-manager",
        "type": "github"
      }
    },
    "nixos-hardware": {
      "locked": {
        "lastModified": 1771171797,
        "narHash": "sha256-ngIarpog/Hv5r9M1YyvsaaSUBCqtWqHl6pibq6n2ppo=",
        "owner": "NixOS",
        "repo": "nixos-hardware",
        "rev": "531af1dbaee7cfdd7aed1e595ce418b7e2e99a80",
        "type": "github"
      },
      "original": {
        "owner": "NixOS",
        "ref": "master",
        "repo": "nixos-hardware",
        "type": "github"
      }
    },
    "nixpkgs": {
      "locked": {
        "lastModified": 1771147098,
        "narHash": "sha256-jpfPdBjKO232s5NueoNEvvVzpndiUzPLNYcH4/Ov0gY=",
        "owner": "nixos",
        "repo": "nixpkgs",
        "rev": "e3cb16bccd9facebae3ba29c6a76a4cc1b73462a",
        "type": "github"
      },
      "original": {
        "owner": "nixos",
        "ref": "nixpkgs-unstable",
        "repo": "nixpkgs",
        "type": "github"
      }
    },
    "root": {
      "inputs": {
        "darwin": "darwin",
        "home-manager": "home-manager",
        "nixos-hardware": "nixos-hardware",
        "nixpkgs": "nixpkgs",
        "utils": "utils"
      }
    },
    "systems": {
      "locked": {
        "lastModified": 1681028828,
        "narHash": "sha256-Vy1rq5AaRuLzOxct8nz4T6wlgyUR7zLU309k9mBC768=",
        "owner": "nix-systems",
        "repo": "default",
        "rev": "da67096a3b9bf56a91d16901293e51ba5b49a27e",
        "type": "github"
      },
      "original": {
        "owner": "nix-systems",
        "repo": "default",
        "type": "github"
      }
    },
    "utils": {
      "inputs": {
        "systems": "systems"
      },
      "locked": {
        "lastModified": 1731533236,
        "narHash": "sha256-l0KFg5HjrsfsO/JpG+r7fRrqm12kzFHyUHqHCVpMMbI=",
        "owner": "numtide",
        "repo": "flake-utils",
        "rev": "11707dc2f618dd54ca8739b309ec4fc024de578b",
        "type": "github"
      },
      "original": {
        "owner": "numtide",
        "repo": "flake-utils",
        "type": "github"
      }
    }
  },
  "root": "root",
  "version": 7
}
